
Microsoft Visual Studio Solution File, Format Version 12.00
# Visual Studio Version 16
VisualStudioVersion = 16.0.31105.61
MinimumVisualStudioVersion = 10.0.40219.1
Project("{FAE04EC0-301F-11D3-BF4B-00C04F79EFBC}") = "Microsoft.Owin.Security.WeChat", "Microsoft.Owin.Security.WeChat\Microsoft.Owin.Security.WeChat.csproj", "{A9A0BA07-5273-4D93-A398-E5F94177CC38}"
EndProject
Project("{FAE04EC0-301F-11D3-BF4B-00C04F79EFBC}") = "Microsoft.Owin.Security.QQ", "Microsoft.Owin.Security.QQ\Microsoft.Owin.Security.QQ.csproj", "{2B96497A-C363-473A-BDD4-CC390B7ADB96}"
EndProject
Project("{9A19103F-16F7-4668-BE54-9A1E7A4F7556}") = "Microsoft.AspNetCore.Authentication.WeChat", "Microsoft.AspNetCore.Authentication.WeChat\Microsoft.AspNetCore.Authentication.WeChat.csproj", "{B4BE5B36-8EDC-4927-AA00-03C43728D1F9}"
EndProject
Project("{2150E333-8FDC-42A3-9474-1A3956D46DE8}") = "Test", "Test", "{B330A4B7-F5B9-4319-9193-9D992A86FC69}"
EndProject
Project("{9A19103F-16F7-4668-BE54-9A1E7A4F7556}") = "OpenApiTest", "OpenApiTest\OpenApiTest.csproj", "{8256D077-2109-473C-A26E-E2D438968F10}"
EndProject
Project("{FAE04EC0-301F-11D3-BF4B-00C04F79EFBC}") = "Microsoft.AspNetCore.Authentication.QQ", "Microsoft.AspNetCore.Authentication.QQ\Microsoft.AspNetCore.Authentication.QQ.csproj", "{F8E1832B-17BD-4FD2-A0F3-15BFC2186A20}"
EndProject
Global
	GlobalSection(SolutionConfigurationPlatforms) = preSolution
		Debug|Any CPU = Debug|Any CPU
		Release|Any CPU = Release|Any CPU
	EndGlobalSection
	GlobalSection(ProjectConfigurationPlatforms) = postSolution
		{A9A0BA07-5273-4D93-A398-E5F94177CC38}.Debug|Any CPU.ActiveCfg = Debug|Any CPU
		{A9A0BA07-5273-4D93-A398-E5F94177CC38}.Debug|Any CPU.Build.0 = Debug|Any CPU
		{A9A0BA07-5273-4D93-A398-E5F94177CC38}.Release|Any CPU.ActiveCfg = Release|Any CPU
		{A9A0BA07-5273-4D93-A398-E5F94177CC38}.Release|Any CPU.Build.0 = Release|Any CPU
		{2B96497A-C363-473A-BDD4-CC390B7ADB96}.Debug|Any CPU.ActiveCfg = Debug|Any CPU
		{2B96497A-C363-473A-BDD4-CC390B7ADB96}.Debug|Any CPU.Build.0 = Debug|Any CPU
		{2B96497A-C363-473A-BDD4-CC390B7ADB96}.Release|Any CPU.ActiveCfg = Release|Any CPU
		{2B96497A-C363-473A-BDD4-CC390B7ADB96}.Release|Any CPU.Build.0 = Release|Any CPU
		{B4BE5B36-8EDC-4927-AA00-03C43728D1F9}.Debug|Any CPU.ActiveCfg = Debug|Any CPU
		{B4BE5B36-8EDC-4927-AA00-03C43728D1F9}.Debug|Any CPU.Build.0 = Debug|Any CPU
		{B4BE5B36-8EDC-4927-AA00-03C43728D1F9}.Release|Any CPU.ActiveCfg = Release|Any CPU
		{B4BE5B36-8EDC-4927-AA00-03C43728D1F9}.Release|Any CPU.Build.0 = Release|Any CPU
		{8256D077-2109-473C-A26E-E2D438968F10}.Debug|Any CPU.ActiveCfg = Debug|Any CPU
		{8256D077-2109-473C-A26E-E2D438968F10}.Debug|Any CPU.Build.0 = Debug|Any CPU
		{8256D077-2109-473C-A26E-E2D438968F10}.Release|Any CPU.ActiveCfg = Release|Any CPU
		{8256D077-2109-473C-A26E-E2D438968F10}.Release|Any CPU.Build.0 = Release|Any CPU
		{F8E1832B-17BD-4FD2-A0F3-15BFC2186A20}.Debug|Any CPU.ActiveCfg = Debug|Any CPU
		{F8E1832B-17BD-4FD2-A0F3-15BFC2186A20}.Debug|Any CPU.Build.0 = Debug|Any CPU
		{F8E1832B-17BD-4FD2-A0F3-15BFC2186A20}.Release|Any CPU.ActiveCfg = Release|Any CPU
		{F8E1832B-17BD-4FD2-A0F3-15BFC2186A20}.Release|Any CPU.Build.0 = Release|Any CPU
	EndGlobalSection
	GlobalSection(SolutionProperties) = preSolution
		HideSolutionNode = FALSE
	EndGlobalSection
	GlobalSection(NestedProjects) = preSolution
		{8256D077-2109-473C-A26E-E2D438968F10} = {B330A4B7-F5B9-4319-9193-9D992A86FC69}
	EndGlobalSection
	GlobalSection(ExtensibilityGlobals) = postSolution
		SolutionGuid = {AD883D0E-904B-45D4-8EA7-E2AE4BD1B57A}
	EndGlobalSection
EndGlobal
